
Microsoft Visual Studio Solution File, Format Version 12.00
# Visual Studio 14
VisualStudioVersion = 14.0.23107.0
MinimumVisualStudioVersion = 10.0.40219.1
Project("{FAE04EC0-301F-11D3-BF4B-00C04F79EFBC}") = "LolDraft", "LolDraft\LolDraft.csproj", "{475FCB1C-630A-49CC-90D0-F2D383B1A931}"
EndProject
Project("{2150E333-8FDC-42A3-9474-1A3956D46DE8}") = "PublishScripts", "PublishScripts", "{509930D1-FE6C-41CD-9836-D158B4D1FA49}"
	ProjectSection(SolutionItems) = preProject
		PublishScripts\AzureVMPublishModule.psm1 = PublishScripts\AzureVMPublishModule.psm1
		PublishScripts\Publish-WebApplicationVM.ps1 = PublishScripts\Publish-WebApplicationVM.ps1
	EndProjectSection
EndProject
Project("{2150E333-8FDC-42A3-9474-1A3956D46DE8}") = "Configurations", "Configurations", "{ABD8C561-72FF-46A1-89DA-1B4864B2577F}"
	ProjectSection(SolutionItems) = preProject
		PublishScripts\Configurations\LolDraft-WAWS-dev.json = PublishScripts\Configurations\LolDraft-WAWS-dev.json
	EndProjectSection
EndProject
Global
	GlobalSection(SolutionConfigurationPlatforms) = preSolution
		Debug|Any CPU = Debug|Any CPU
		Release|Any CPU = Release|Any CPU
	EndGlobalSection
	GlobalSection(ProjectConfigurationPlatforms) = postSolution
		{475FCB1C-630A-49CC-90D0-F2D383B1A931}.Debug|Any CPU.ActiveCfg = Debug|Any CPU
		{475FCB1C-630A-49CC-90D0-F2D383B1A931}.Debug|Any CPU.Build.0 = Debug|Any CPU
		{475FCB1C-630A-49CC-90D0-F2D383B1A931}.Release|Any CPU.ActiveCfg = Release|Any CPU
		{475FCB1C-630A-49CC-90D0-F2D383B1A931}.Release|Any CPU.Build.0 = Release|Any CPU
	EndGlobalSection
	GlobalSection(SolutionProperties) = preSolution
		HideSolutionNode = FALSE
	EndGlobalSection
	GlobalSection(NestedProjects) = preSolution
		{ABD8C561-72FF-46A1-89DA-1B4864B2577F} = {509930D1-FE6C-41CD-9836-D158B4D1FA49}
	EndGlobalSection
EndGlobal
